// !$*UTF8*$!
{
	archiveVersion = 1;
	classes = {
	};
	objectVersion = 55;
	objects = {

/* Begin PBXBuildFile section */
		7C53CDCA279C7CC3005F8ACD /* AppDelegate.swift in Sources */ = {isa = PBXBuildFile; fileRef = 7C53CDC9279C7CC3005F8ACD /* AppDelegate.swift */; };
		7C53CDCC279C7CC3005F8ACD /* SceneDelegate.swift in Sources */ = {isa = PBXBuildFile; fileRef = 7C53CDCB279C7CC3005F8ACD /* SceneDelegate.swift */; };
		7C53CDD3279C7CC5005F8ACD /* Assets.xcassets in Resources */ = {isa = PBXBuildFile; fileRef = 7C53CDD2279C7CC5005F8ACD /* Assets.xcassets */; };
		7C53CDD6279C7CC5005F8ACD /* LaunchScreen.storyboard in Resources */ = {isa = PBXBuildFile; fileRef = 7C53CDD4279C7CC5005F8ACD /* LaunchScreen.storyboard */; };
		7C53CDE1279C7CC5005F8ACD /* Clean_Swift_ExperimentTests.swift in Sources */ = {isa = PBXBuildFile; fileRef = 7C53CDE0279C7CC5005F8ACD /* Clean_Swift_ExperimentTests.swift */; };
		7C53CDEB279C7CC5005F8ACD /* Clean_Swift_ExperimentUITests.swift in Sources */ = {isa = PBXBuildFile; fileRef = 7C53CDEA279C7CC5005F8ACD /* Clean_Swift_ExperimentUITests.swift */; };
		7C53CDED279C7CC5005F8ACD /* Clean_Swift_ExperimentUITestsLaunchTests.swift in Sources */ = {isa = PBXBuildFile; fileRef = 7C53CDEC279C7CC5005F8ACD /* Clean_Swift_ExperimentUITestsLaunchTests.swift */; };
		7C53CE01279C7F5C005F8ACD /* LoginPresenter.swift in Sources */ = {isa = PBXBuildFile; fileRef = 7C53CDFB279C7F5C005F8ACD /* LoginPresenter.swift */; };
		7C53CE02279C7F5C005F8ACD /* LoginPresenter.swift in Sources */ = {isa = PBXBuildFile; fileRef = 7C53CDFB279C7F5C005F8ACD /* LoginPresenter.swift */; };
		7C53CE03279C7F5C005F8ACD /* LoginPresenter.swift in Sources */ = {isa = PBXBuildFile; fileRef = 7C53CDFB279C7F5C005F8ACD /* LoginPresenter.swift */; };
		7C53CE04279C7F5C005F8ACD /* LoginWorker.swift in Sources */ = {isa = PBXBuildFile; fileRef = 7C53CDFC279C7F5C005F8ACD /* LoginWorker.swift */; };
		7C53CE05279C7F5C005F8ACD /* LoginWorker.swift in Sources */ = {isa = PBXBuildFile; fileRef = 7C53CDFC279C7F5C005F8ACD /* LoginWorker.swift */; };
		7C53CE06279C7F5C005F8ACD /* LoginWorker.swift in Sources */ = {isa = PBXBuildFile; fileRef = 7C53CDFC279C7F5C005F8ACD /* LoginWorker.swift */; };
		7C53CE07279C7F5C005F8ACD /* LoginRouter.swift in Sources */ = {isa = PBXBuildFile; fileRef = 7C53CDFD279C7F5C005F8ACD /* LoginRouter.swift */; };
		7C53CE08279C7F5C005F8ACD /* LoginRouter.swift in Sources */ = {isa = PBXBuildFile; fileRef = 7C53CDFD279C7F5C005F8ACD /* LoginRouter.swift */; };
		7C53CE09279C7F5C005F8ACD /* LoginRouter.swift in Sources */ = {isa = PBXBuildFile; fileRef = 7C53CDFD279C7F5C005F8ACD /* LoginRouter.swift */; };
		7C53CE0A279C7F5C005F8ACD /* LoginModels.swift in Sources */ = {isa = PBXBuildFile; fileRef = 7C53CDFE279C7F5C005F8ACD /* LoginModels.swift */; };
		7C53CE0B279C7F5C005F8ACD /* LoginModels.swift in Sources */ = {isa = PBXBuildFile; fileRef = 7C53CDFE279C7F5C005F8ACD /* LoginModels.swift */; };
		7C53CE0C279C7F5C005F8ACD /* LoginModels.swift in Sources */ = {isa = PBXBuildFile; fileRef = 7C53CDFE279C7F5C005F8ACD /* LoginModels.swift */; };
		7C53CE0D279C7F5C005F8ACD /* LoginViewController.swift in Sources */ = {isa = PBXBuildFile; fileRef = 7C53CDFF279C7F5C005F8ACD /* LoginViewController.swift */; };
		7C53CE0E279C7F5C005F8ACD /* LoginViewController.swift in Sources */ = {isa = PBXBuildFile; fileRef = 7C53CDFF279C7F5C005F8ACD /* LoginViewController.swift */; };
		7C53CE0F279C7F5C005F8ACD /* LoginViewController.swift in Sources */ = {isa = PBXBuildFile; fileRef = 7C53CDFF279C7F5C005F8ACD /* LoginViewController.swift */; };
		7C53CE10279C7F5C005F8ACD /* LoginInteractor.swift in Sources */ = {isa = PBXBuildFile; fileRef = 7C53CE00279C7F5C005F8ACD /* LoginInteractor.swift */; };
		7C53CE11279C7F5C005F8ACD /* LoginInteractor.swift in Sources */ = {isa = PBXBuildFile; fileRef = 7C53CE00279C7F5C005F8ACD /* LoginInteractor.swift */; };
		7C53CE12279C7F5C005F8ACD /* LoginInteractor.swift in Sources */ = {isa = PBXBuildFile; fileRef = 7C53CE00279C7F5C005F8ACD /* LoginInteractor.swift */; };
		7C53CE1A279CB44F005F8ACD /* OverviewPresenter.swift in Sources */ = {isa = PBXBuildFile; fileRef = 7C53CE14279CB44F005F8ACD /* OverviewPresenter.swift */; };
		7C53CE1B279CB44F005F8ACD /* OverviewPresenter.swift in Sources */ = {isa = PBXBuildFile; fileRef = 7C53CE14279CB44F005F8ACD /* OverviewPresenter.swift */; };
		7C53CE1C279CB44F005F8ACD /* OverviewPresenter.swift in Sources */ = {isa = PBXBuildFile; fileRef = 7C53CE14279CB44F005F8ACD /* OverviewPresenter.swift */; };
		7C53CE1D279CB44F005F8ACD /* OverviewWorker.swift in Sources */ = {isa = PBXBuildFile; fileRef = 7C53CE15279CB44F005F8ACD /* OverviewWorker.swift */; };
		7C53CE1E279CB44F005F8ACD /* OverviewWorker.swift in Sources */ = {isa = PBXBuildFile; fileRef = 7C53CE15279CB44F005F8ACD /* OverviewWorker.swift */; };
		7C53CE1F279CB44F005F8ACD /* OverviewWorker.swift in Sources */ = {isa = PBXBuildFile; fileRef = 7C53CE15279CB44F005F8ACD /* OverviewWorker.swift */; };
		7C53CE20279CB44F005F8ACD /* OverviewRouter.swift in Sources */ = {isa = PBXBuildFile; fileRef = 7C53CE16279CB44F005F8ACD /* OverviewRouter.swift */; };
		7C53CE21279CB44F005F8ACD /* OverviewRouter.swift in Sources */ = {isa = PBXBuildFile; fileRef = 7C53CE16279CB44F005F8ACD /* OverviewRouter.swift */; };
		7C53CE22279CB44F005F8ACD /* OverviewRouter.swift in Sources */ = {isa = PBXBuildFile; fileRef = 7C53CE16279CB44F005F8ACD /* OverviewRouter.swift */; };
		7C53CE23279CB44F005F8ACD /* OverviewModels.swift in Sources */ = {isa = PBXBuildFile; fileRef = 7C53CE17279CB44F005F8ACD /* OverviewModels.swift */; };
		7C53CE24279CB44F005F8ACD /* OverviewModels.swift in Sources */ = {isa = PBXBuildFile; fileRef = 7C53CE17279CB44F005F8ACD /* OverviewModels.swift */; };
		7C53CE25279CB44F005F8ACD /* OverviewModels.swift in Sources */ = {isa = PBXBuildFile; fileRef = 7C53CE17279CB44F005F8ACD /* OverviewModels.swift */; };
		7C53CE26279CB44F005F8ACD /* OverviewViewController.swift in Sources */ = {isa = PBXBuildFile; fileRef = 7C53CE18279CB44F005F8ACD /* OverviewViewController.swift */; };
		7C53CE27279CB44F005F8ACD /* OverviewViewController.swift in Sources */ = {isa = PBXBuildFile; fileRef = 7C53CE18279CB44F005F8ACD /* OverviewViewController.swift */; };
		7C53CE28279CB44F005F8ACD /* OverviewViewController.swift in Sources */ = {isa = PBXBuildFile; fileRef = 7C53CE18279CB44F005F8ACD /* OverviewViewController.swift */; };
		7C53CE29279CB44F005F8ACD /* OverviewInteractor.swift in Sources */ = {isa = PBXBuildFile; fileRef = 7C53CE19279CB44F005F8ACD /* OverviewInteractor.swift */; };
		7C53CE2A279CB44F005F8ACD /* OverviewInteractor.swift in Sources */ = {isa = PBXBuildFile; fileRef = 7C53CE19279CB44F005F8ACD /* OverviewInteractor.swift */; };
		7C53CE2B279CB44F005F8ACD /* OverviewInteractor.swift in Sources */ = {isa = PBXBuildFile; fileRef = 7C53CE19279CB44F005F8ACD /* OverviewInteractor.swift */; };
/* End PBXBuildFile section */

/* Begin PBXContainerItemProxy section */
		7C53CDDD279C7CC5005F8ACD /* PBXContainerItemProxy */ = {
			isa = PBXContainerItemProxy;
			containerPortal = 7C53CDBE279C7CC3005F8ACD /* Project object */;
			proxyType = 1;
			remoteGlobalIDString = 7C53CDC5279C7CC3005F8ACD;
			remoteInfo = "Clean Swift Experiment";
		};
		7C53CDE7279C7CC5005F8ACD /* PBXContainerItemProxy */ = {
			isa = PBXContainerItemProxy;
			containerPortal = 7C53CDBE279C7CC3005F8ACD /* Project object */;
			proxyType = 1;
			remoteGlobalIDString = 7C53CDC5279C7CC3005F8ACD;
			remoteInfo = "Clean Swift Experiment";
		};
/* End PBXContainerItemProxy section */

/* Begin PBXFileReference section */
		7C53CDC6279C7CC3005F8ACD /* Clean Swift Experiment.app */ = {isa = PBXFileReference; explicitFileType = wrapper.application; includeInIndex = 0; path = "Clean Swift Experiment.app"; sourceTree = BUILT_PRODUCTS_DIR; };
		7C53CDC9279C7CC3005F8ACD /* AppDelegate.swift */ = {isa = PBXFileReference; lastKnownFileType = sourcecode.swift; path = AppDelegate.swift; sourceTree = "<group>"; };
		7C53CDCB279C7CC3005F8ACD /* SceneDelegate.swift */ = {isa = PBXFileReference; lastKnownFileType = sourcecode.swift; path = SceneDelegate.swift; sourceTree = "<group>"; };
		7C53CDD2279C7CC5005F8ACD /* Assets.xcassets */ = {isa = PBXFileReference; lastKnownFileType = folder.assetcatalog; path = Assets.xcassets; sourceTree = "<group>"; };
		7C53CDD5279C7CC5005F8ACD /* Base */ = {isa = PBXFileReference; lastKnownFileType = file.storyboard; name = Base; path = Base.lproj/LaunchScreen.storyboard; sourceTree = "<group>"; };
		7C53CDD7279C7CC5005F8ACD /* Info.plist */ = {isa = PBXFileReference; lastKnownFileType = text.plist.xml; path = Info.plist; sourceTree = "<group>"; };
		7C53CDDC279C7CC5005F8ACD /* Clean Swift ExperimentTests.xctest */ = {isa = PBXFileReference; explicitFileType = wrapper.cfbundle; includeInIndex = 0; path = "Clean Swift ExperimentTests.xctest"; sourceTree = BUILT_PRODUCTS_DIR; };
		7C53CDE0279C7CC5005F8ACD /* Clean_Swift_ExperimentTests.swift */ = {isa = PBXFileReference; lastKnownFileType = sourcecode.swift; path = Clean_Swift_ExperimentTests.swift; sourceTree = "<group>"; };
		7C53CDE6279C7CC5005F8ACD /* Clean Swift ExperimentUITests.xctest */ = {isa = PBXFileReference; explicitFileType = wrapper.cfbundle; includeInIndex = 0; path = "Clean Swift ExperimentUITests.xctest"; sourceTree = BUILT_PRODUCTS_DIR; };
		7C53CDEA279C7CC5005F8ACD /* Clean_Swift_ExperimentUITests.swift */ = {isa = PBXFileReference; lastKnownFileType = sourcecode.swift; path = Clean_Swift_ExperimentUITests.swift; sourceTree = "<group>"; };
		7C53CDEC279C7CC5005F8ACD /* Clean_Swift_ExperimentUITestsLaunchTests.swift */ = {isa = PBXFileReference; lastKnownFileType = sourcecode.swift; path = Clean_Swift_ExperimentUITestsLaunchTests.swift; sourceTree = "<group>"; };
		7C53CDFB279C7F5C005F8ACD /* LoginPresenter.swift */ = {isa = PBXFileReference; lastKnownFileType = sourcecode.swift; path = LoginPresenter.swift; sourceTree = "<group>"; };
		7C53CDFC279C7F5C005F8ACD /* LoginWorker.swift */ = {isa = PBXFileReference; lastKnownFileType = sourcecode.swift; path = LoginWorker.swift; sourceTree = "<group>"; };
		7C53CDFD279C7F5C005F8ACD /* LoginRouter.swift */ = {isa = PBXFileReference; lastKnownFileType = sourcecode.swift; path = LoginRouter.swift; sourceTree = "<group>"; };
		7C53CDFE279C7F5C005F8ACD /* LoginModels.swift */ = {isa = PBXFileReference; lastKnownFileType = sourcecode.swift; path = LoginModels.swift; sourceTree = "<group>"; };
		7C53CDFF279C7F5C005F8ACD /* LoginViewController.swift */ = {isa = PBXFileReference; lastKnownFileType = sourcecode.swift; path = LoginViewController.swift; sourceTree = "<group>"; };
		7C53CE00279C7F5C005F8ACD /* LoginInteractor.swift */ = {isa = PBXFileReference; lastKnownFileType = sourcecode.swift; path = LoginInteractor.swift; sourceTree = "<group>"; };
		7C53CE14279CB44F005F8ACD /* OverviewPresenter.swift */ = {isa = PBXFileReference; lastKnownFileType = sourcecode.swift; path = OverviewPresenter.swift; sourceTree = "<group>"; };
		7C53CE15279CB44F005F8ACD /* OverviewWorker.swift */ = {isa = PBXFileReference; lastKnownFileType = sourcecode.swift; path = OverviewWorker.swift; sourceTree = "<group>"; };
		7C53CE16279CB44F005F8ACD /* OverviewRouter.swift */ = {isa = PBXFileReference; lastKnownFileType = sourcecode.swift; path = OverviewRouter.swift; sourceTree = "<group>"; };
		7C53CE17279CB44F005F8ACD /* OverviewModels.swift */ = {isa = PBXFileReference; lastKnownFileType = sourcecode.swift; path = OverviewModels.swift; sourceTree = "<group>"; };
		7C53CE18279CB44F005F8ACD /* OverviewViewController.swift */ = {isa = PBXFileReference; lastKnownFileType = sourcecode.swift; path = OverviewViewController.swift; sourceTree = "<group>"; };
		7C53CE19279CB44F005F8ACD /* OverviewInteractor.swift */ = {isa = PBXFileReference; lastKnownFileType = sourcecode.swift; path = OverviewInteractor.swift; sourceTree = "<group>"; };
/* End PBXFileReference section */

/* Begin PBXFrameworksBuildPhase section */
		7C53CDC3279C7CC3005F8ACD /* Frameworks */ = {
			isa = PBXFrameworksBuildPhase;
			buildActionMask = 2147483647;
			files = (
			);
			runOnlyForDeploymentPostprocessing = 0;
		};
		7C53CDD9279C7CC5005F8ACD /* Frameworks */ = {
			isa = PBXFrameworksBuildPhase;
			buildActionMask = 2147483647;
			files = (
			);
			runOnlyForDeploymentPostprocessing = 0;
		};
		7C53CDE3279C7CC5005F8ACD /* Frameworks */ = {
			isa = PBXFrameworksBuildPhase;
			buildActionMask = 2147483647;
			files = (
			);
			runOnlyForDeploymentPostprocessing = 0;
		};
/* End PBXFrameworksBuildPhase section */

/* Begin PBXGroup section */
		7C53CDBD279C7CC3005F8ACD = {
			isa = PBXGroup;
			children = (
				7C53CDC8279C7CC3005F8ACD /* Clean Swift Experiment */,
				7C53CDDF279C7CC5005F8ACD /* Clean Swift ExperimentTests */,
				7C53CDE9279C7CC5005F8ACD /* Clean Swift ExperimentUITests */,
				7C53CDC7279C7CC3005F8ACD /* Products */,
			);
			sourceTree = "<group>";
		};
		7C53CDC7279C7CC3005F8ACD /* Products */ = {
			isa = PBXGroup;
			children = (
				7C53CDC6279C7CC3005F8ACD /* Clean Swift Experiment.app */,
				7C53CDDC279C7CC5005F8ACD /* Clean Swift ExperimentTests.xctest */,
				7C53CDE6279C7CC5005F8ACD /* Clean Swift ExperimentUITests.xctest */,
			);
			name = Products;
			sourceTree = "<group>";
		};
		7C53CDC8279C7CC3005F8ACD /* Clean Swift Experiment */ = {
			isa = PBXGroup;
			children = (
				7C53CDF9279C7E55005F8ACD /* Scenes */,
				7C53CDC9279C7CC3005F8ACD /* AppDelegate.swift */,
				7C53CDCB279C7CC3005F8ACD /* SceneDelegate.swift */,
				7C53CDD2279C7CC5005F8ACD /* Assets.xcassets */,
				7C53CDD4279C7CC5005F8ACD /* LaunchScreen.storyboard */,
				7C53CDD7279C7CC5005F8ACD /* Info.plist */,
			);
			path = "Clean Swift Experiment";
			sourceTree = "<group>";
		};
		7C53CDDF279C7CC5005F8ACD /* Clean Swift ExperimentTests */ = {
			isa = PBXGroup;
			children = (
				7C53CDE0279C7CC5005F8ACD /* Clean_Swift_ExperimentTests.swift */,
			);
			path = "Clean Swift ExperimentTests";
			sourceTree = "<group>";
		};
		7C53CDE9279C7CC5005F8ACD /* Clean Swift ExperimentUITests */ = {
			isa = PBXGroup;
			children = (
				7C53CDEA279C7CC5005F8ACD /* Clean_Swift_ExperimentUITests.swift */,
				7C53CDEC279C7CC5005F8ACD /* Clean_Swift_ExperimentUITestsLaunchTests.swift */,
			);
			path = "Clean Swift ExperimentUITests";
			sourceTree = "<group>";
		};
		7C53CDF9279C7E55005F8ACD /* Scenes */ = {
			isa = PBXGroup;
			children = (
				7C53CDFA279C7E62005F8ACD /* Login */,
				7C53CE13279CB419005F8ACD /* Overview */,
			);
			path = Scenes;
			sourceTree = "<group>";
		};
		7C53CDFA279C7E62005F8ACD /* Login */ = {
			isa = PBXGroup;
			children = (
				7C53CDFB279C7F5C005F8ACD /* LoginPresenter.swift */,
				7C53CDFC279C7F5C005F8ACD /* LoginWorker.swift */,
				7C53CDFD279C7F5C005F8ACD /* LoginRouter.swift */,
				7C53CDFE279C7F5C005F8ACD /* LoginModels.swift */,
				7C53CDFF279C7F5C005F8ACD /* LoginViewController.swift */,
				7C53CE00279C7F5C005F8ACD /* LoginInteractor.swift */,
			);
			path = Login;
			sourceTree = "<group>";
		};
		7C53CE13279CB419005F8ACD /* Overview */ = {
			isa = PBXGroup;
			children = (
				7C53CE14279CB44F005F8ACD /* OverviewPresenter.swift */,
				7C53CE15279CB44F005F8ACD /* OverviewWorker.swift */,
				7C53CE16279CB44F005F8ACD /* OverviewRouter.swift */,
				7C53CE17279CB44F005F8ACD /* OverviewModels.swift */,
				7C53CE18279CB44F005F8ACD /* OverviewViewController.swift */,
				7C53CE19279CB44F005F8ACD /* OverviewInteractor.swift */,
			);
			path = Overview;
			sourceTree = "<group>";
		};
/* End PBXGroup section */

/* Begin PBXNativeTarget section */
		7C53CDC5279C7CC3005F8ACD /* Clean Swift Experiment */ = {
			isa = PBXNativeTarget;
			buildConfigurationList = 7C53CDF0279C7CC5005F8ACD /* Build configuration list for PBXNativeTarget "Clean Swift Experiment" */;
			buildPhases = (
				7C53CDC2279C7CC3005F8ACD /* Sources */,
				7C53CDC3279C7CC3005F8ACD /* Frameworks */,
				7C53CDC4279C7CC3005F8ACD /* Resources */,
			);
			buildRules = (
			);
			dependencies = (
			);
			name = "Clean Swift Experiment";
			productName = "Clean Swift Experiment";
			productReference = 7C53CDC6279C7CC3005F8ACD /* Clean Swift Experiment.app */;
			productType = "com.apple.product-type.application";
		};
		7C53CDDB279C7CC5005F8ACD /* Clean Swift ExperimentTests */ = {
			isa = PBXNativeTarget;
			buildConfigurationList = 7C53CDF3279C7CC5005F8ACD /* Build configuration list for PBXNativeTarget "Clean Swift ExperimentTests" */;
			buildPhases = (
				7C53CDD8279C7CC5005F8ACD /* Sources */,
				7C53CDD9279C7CC5005F8ACD /* Frameworks */,
				7C53CDDA279C7CC5005F8ACD /* Resources */,
			);
			buildRules = (
			);
			dependencies = (
				7C53CDDE279C7CC5005F8ACD /* PBXTargetDependency */,
			);
			name = "Clean Swift ExperimentTests";
			productName = "Clean Swift ExperimentTests";
			productReference = 7C53CDDC279C7CC5005F8ACD /* Clean Swift ExperimentTests.xctest */;
			productType = "com.apple.product-type.bundle.unit-test";
		};
		7C53CDE5279C7CC5005F8ACD /* Clean Swift ExperimentUITests */ = {
			isa = PBXNativeTarget;
			buildConfigurationList = 7C53CDF6279C7CC5005F8ACD /* Build configuration list for PBXNativeTarget "Clean Swift ExperimentUITests" */;
			buildPhases = (
				7C53CDE2279C7CC5005F8ACD /* Sources */,
				7C53CDE3279C7CC5005F8ACD /* Frameworks */,
				7C53CDE4279C7CC5005F8ACD /* Resources */,
			);
			buildRules = (
			);
			dependencies = (
				7C53CDE8279C7CC5005F8ACD /* PBXTargetDependency */,
			);
			name = "Clean Swift ExperimentUITests";
			productName = "Clean Swift ExperimentUITests";
			productReference = 7C53CDE6279C7CC5005F8ACD /* Clean Swift ExperimentUITests.xctest */;
			productType = "com.apple.product-type.bundle.ui-testing";
		};
/* End PBXNativeTarget section */

/* Begin PBXProject section */
		7C53CDBE279C7CC3005F8ACD /* Project object */ = {
			isa = PBXProject;
			attributes = {
				BuildIndependentTargetsInParallel = 1;
				LastSwiftUpdateCheck = 1320;
				LastUpgradeCheck = 1320;
				TargetAttributes = {
					7C53CDC5279C7CC3005F8ACD = {
						CreatedOnToolsVersion = 13.2.1;
					};
					7C53CDDB279C7CC5005F8ACD = {
						CreatedOnToolsVersion = 13.2.1;
						TestTargetID = 7C53CDC5279C7CC3005F8ACD;
					};
					7C53CDE5279C7CC5005F8ACD = {
						CreatedOnToolsVersion = 13.2.1;
						TestTargetID = 7C53CDC5279C7CC3005F8ACD;
					};
				};
			};
			buildConfigurationList = 7C53CDC1279C7CC3005F8ACD /* Build configuration list for PBXProject "Clean Swift Experiment" */;
			compatibilityVersion = "Xcode 13.0";
			developmentRegion = en;
			hasScannedForEncodings = 0;
			knownRegions = (
				en,
				Base,
			);
			mainGroup = 7C53CDBD279C7CC3005F8ACD;
			productRefGroup = 7C53CDC7279C7CC3005F8ACD /* Products */;
			projectDirPath = "";
			projectRoot = "";
			targets = (
				7C53CDC5279C7CC3005F8ACD /* Clean Swift Experiment */,
				7C53CDDB279C7CC5005F8ACD /* Clean Swift ExperimentTests */,
				7C53CDE5279C7CC5005F8ACD /* Clean Swift ExperimentUITests */,
			);
		};
/* End PBXProject section */

/* Begin PBXResourcesBuildPhase section */
		7C53CDC4279C7CC3005F8ACD /* Resources */ = {
			isa = PBXResourcesBuildPhase;
			buildActionMask = 2147483647;
			files = (
				7C53CDD6279C7CC5005F8ACD /* LaunchScreen.storyboard in Resources */,
				7C53CDD3279C7CC5005F8ACD /* Assets.xcassets in Resources */,
			);
			runOnlyForDeploymentPostprocessing = 0;
		};
		7C53CDDA279C7CC5005F8ACD /* Resources */ = {
			isa = PBXResourcesBuildPhase;
			buildActionMask = 2147483647;
			files = (
			);
			runOnlyForDeploymentPostprocessing = 0;
		};
		7C53CDE4279C7CC5005F8ACD /* Resources */ = {
			isa = PBXResourcesBuildPhase;
			buildActionMask = 2147483647;
			files = (
			);
			runOnlyForDeploymentPostprocessing = 0;
		};
/* End PBXResourcesBuildPhase section */

/* Begin PBXSourcesBuildPhase section */
		7C53CDC2279C7CC3005F8ACD /* Sources */ = {
			isa = PBXSourcesBuildPhase;
			buildActionMask = 2147483647;
			files = (
				7C53CE04279C7F5C005F8ACD /* LoginWorker.swift in Sources */,
				7C53CE01279C7F5C005F8ACD /* LoginPresenter.swift in Sources */,
				7C53CE23279CB44F005F8ACD /* OverviewModels.swift in Sources */,
				7C53CE29279CB44F005F8ACD /* OverviewInteractor.swift in Sources */,
				7C53CE1D279CB44F005F8ACD /* OverviewWorker.swift in Sources */,
				7C53CE0A279C7F5C005F8ACD /* LoginModels.swift in Sources */,
				7C53CE07279C7F5C005F8ACD /* LoginRouter.swift in Sources */,
				7C53CE0D279C7F5C005F8ACD /* LoginViewController.swift in Sources */,
				7C53CE26279CB44F005F8ACD /* OverviewViewController.swift in Sources */,
				7C53CE1A279CB44F005F8ACD /* OverviewPresenter.swift in Sources */,
				7C53CDCA279C7CC3005F8ACD /* AppDelegate.swift in Sources */,
				7C53CE20279CB44F005F8ACD /* OverviewRouter.swift in Sources */,
				7C53CDCC279C7CC3005F8ACD /* SceneDelegate.swift in Sources */,
				7C53CE10279C7F5C005F8ACD /* LoginInteractor.swift in Sources */,
			);
			runOnlyForDeploymentPostprocessing = 0;
		};
		7C53CDD8279C7CC5005F8ACD /* Sources */ = {
			isa = PBXSourcesBuildPhase;
			buildActionMask = 2147483647;
			files = (
				7C53CE0E279C7F5C005F8ACD /* LoginViewController.swift in Sources */,
				7C53CE24279CB44F005F8ACD /* OverviewModels.swift in Sources */,
				7C53CE1B279CB44F005F8ACD /* OverviewPresenter.swift in Sources */,
				7C53CE1E279CB44F005F8ACD /* OverviewWorker.swift in Sources */,
				7C53CE02279C7F5C005F8ACD /* LoginPresenter.swift in Sources */,
				7C53CE27279CB44F005F8ACD /* OverviewViewController.swift in Sources */,
				7C53CE2A279CB44F005F8ACD /* OverviewInteractor.swift in Sources */,
				7C53CE11279C7F5C005F8ACD /* LoginInteractor.swift in Sources */,
				7C53CE0B279C7F5C005F8ACD /* LoginModels.swift in Sources */,
				7C53CDE1279C7CC5005F8ACD /* Clean_Swift_ExperimentTests.swift in Sources */,
				7C53CE08279C7F5C005F8ACD /* LoginRouter.swift in Sources */,
				7C53CE05279C7F5C005F8ACD /* LoginWorker.swift in Sources */,
				7C53CE21279CB44F005F8ACD /* OverviewRouter.swift in Sources */,
			);
			runOnlyForDeploymentPostprocessing = 0;
		};
		7C53CDE2279C7CC5005F8ACD /* Sources */ = {
			isa = PBXSourcesBuildPhase;
			buildActionMask = 2147483647;
			files = (
				7C53CE0F279C7F5C005F8ACD /* LoginViewController.swift in Sources */,
				7C53CE03279C7F5C005F8ACD /* LoginPresenter.swift in Sources */,
				7C53CE25279CB44F005F8ACD /* OverviewModels.swift in Sources */,
				7C53CE2B279CB44F005F8ACD /* OverviewInteractor.swift in Sources */,
				7C53CE1F279CB44F005F8ACD /* OverviewWorker.swift in Sources */,
				7C53CDEB279C7CC5005F8ACD /* Clean_Swift_ExperimentUITests.swift in Sources */,
				7C53CDED279C7CC5005F8ACD /* Clean_Swift_ExperimentUITestsLaunchTests.swift in Sources */,
				7C53CE12279C7F5C005F8ACD /* LoginInteractor.swift in Sources */,
				7C53CE28279CB44F005F8ACD /* OverviewViewController.swift in Sources */,
				7C53CE1C279CB44F005F8ACD /* OverviewPresenter.swift in Sources */,
				7C53CE0C279C7F5C005F8ACD /* LoginModels.swift in Sources */,
				7C53CE22279CB44F005F8ACD /* OverviewRouter.swift in Sources */,
				7C53CE09279C7F5C005F8ACD /* LoginRouter.swift in Sources */,
				7C53CE06279C7F5C005F8ACD /* LoginWorker.swift in Sources */,
			);
			runOnlyForDeploymentPostprocessing = 0;
		};
/* End PBXSourcesBuildPhase section */

/* Begin PBXTargetDependency section */
		7C53CDDE279C7CC5005F8ACD /* PBXTargetDependency */ = {
			isa = PBXTargetDependency;
			target = 7C53CDC5279C7CC3005F8ACD /* Clean Swift Experiment */;
			targetProxy = 7C53CDDD279C7CC5005F8ACD /* PBXContainerItemProxy */;
		};
		7C53CDE8279C7CC5005F8ACD /* PBXTargetDependency */ = {
			isa = PBXTargetDependency;
			target = 7C53CDC5279C7CC3005F8ACD /* Clean Swift Experiment */;
			targetProxy = 7C53CDE7279C7CC5005F8ACD /* PBXContainerItemProxy */;
		};
/* End PBXTargetDependency section */

/* Begin PBXVariantGroup section */
		7C53CDD4279C7CC5005F8ACD /* LaunchScreen.storyboard */ = {
			isa = PBXVariantGroup;
			children = (
				7C53CDD5279C7CC5005F8ACD /* Base */,
			);
			name = LaunchScreen.storyboard;
			sourceTree = "<group>";
		};
/* End PBXVariantGroup section */

/* Begin XCBuildConfiguration section */
		7C53CDEE279C7CC5005F8ACD /* Debug */ = {
			isa = XCBuildConfiguration;
			buildSettings = {
				ALWAYS_SEARCH_USER_PATHS = NO;
				CLANG_ANALYZER_NONNULL = YES;
				CLANG_ANALYZER_NUMBER_OBJECT_CONVERSION = YES_AGGRESSIVE;
				CLANG_CXX_LANGUAGE_STANDARD = "gnu++17";
				CLANG_CXX_LIBRARY = "libc++";
				CLANG_ENABLE_MODULES = YES;
				CLANG_ENABLE_OBJC_ARC = YES;
				CLANG_ENABLE_OBJC_WEAK = YES;
				CLANG_WARN_BLOCK_CAPTURE_AUTORELEASING = YES;
				CLANG_WARN_BOOL_CONVERSION = YES;
				CLANG_WARN_COMMA = YES;
				CLANG_WARN_CONSTANT_CONVERSION = YES;
				CLANG_WARN_DEPRECATED_OBJC_IMPLEMENTATIONS = YES;
				CLANG_WARN_DIRECT_OBJC_ISA_USAGE = YES_ERROR;
				CLANG_WARN_DOCUMENTATION_COMMENTS = YES;
				CLANG_WARN_EMPTY_BODY = YES;
				CLANG_WARN_ENUM_CONVERSION = YES;
				CLANG_WARN_INFINITE_RECURSION = YES;
				CLANG_WARN_INT_CONVERSION = YES;
				CLANG_WARN_NON_LITERAL_NULL_CONVERSION = YES;
				CLANG_WARN_OBJC_IMPLICIT_RETAIN_SELF = YES;
				CLANG_WARN_OBJC_LITERAL_CONVERSION = YES;
				CLANG_WARN_OBJC_ROOT_CLASS = YES_ERROR;
				CLANG_WARN_QUOTED_INCLUDE_IN_FRAMEWORK_HEADER = YES;
				CLANG_WARN_RANGE_LOOP_ANALYSIS = YES;
				CLANG_WARN_STRICT_PROTOTYPES = YES;
				CLANG_WARN_SUSPICIOUS_MOVE = YES;
				CLANG_WARN_UNGUARDED_AVAILABILITY = YES_AGGRESSIVE;
				CLANG_WARN_UNREACHABLE_CODE = YES;
				CLANG_WARN__DUPLICATE_METHOD_MATCH = YES;
				COPY_PHASE_STRIP = NO;
				DEBUG_INFORMATION_FORMAT = dwarf;
				ENABLE_STRICT_OBJC_MSGSEND = YES;
				ENABLE_TESTABILITY = YES;
				GCC_C_LANGUAGE_STANDARD = gnu11;
				GCC_DYNAMIC_NO_PIC = NO;
				GCC_NO_COMMON_BLOCKS = YES;
				GCC_OPTIMIZATION_LEVEL = 0;
				GCC_PREPROCESSOR_DEFINITIONS = (
					"DEBUG=1",
					"$(inherited)",
				);
				GCC_WARN_64_TO_32_BIT_CONVERSION = YES;
				GCC_WARN_ABOUT_RETURN_TYPE = YES_ERROR;
				GCC_WARN_UNDECLARED_SELECTOR = YES;
				GCC_WARN_UNINITIALIZED_AUTOS = YES_AGGRESSIVE;
				GCC_WARN_UNUSED_FUNCTION = YES;
				GCC_WARN_UNUSED_VARIABLE = YES;
				IPHONEOS_DEPLOYMENT_TARGET = 15.2;
				MTL_ENABLE_DEBUG_INFO = INCLUDE_SOURCE;
				MTL_FAST_MATH = YES;
				ONLY_ACTIVE_ARCH = YES;
				SDKROOT = iphoneos;
				SWIFT_ACTIVE_COMPILATION_CONDITIONS = DEBUG;
				SWIFT_OPTIMIZATION_LEVEL = "-Onone";
			};
			name = Debug;
		};
		7C53CDEF279C7CC5005F8ACD /* Release */ = {
			isa = XCBuildConfiguration;
			buildSettings = {
				ALWAYS_SEARCH_USER_PATHS = NO;
				CLANG_ANALYZER_NONNULL = YES;
				CLANG_ANALYZER_NUMBER_OBJECT_CONVERSION = YES_AGGRESSIVE;
				CLANG_CXX_LANGUAGE_STANDARD = "gnu++17";
				CLANG_CXX_LIBRARY = "libc++";
				CLANG_ENABLE_MODULES = YES;
				CLANG_ENABLE_OBJC_ARC = YES;
				CLANG_ENABLE_OBJC_WEAK = YES;
				CLANG_WARN_BLOCK_CAPTURE_AUTORELEASING = YES;
				CLANG_WARN_BOOL_CONVERSION = YES;
				CLANG_WARN_COMMA = YES;
				CLANG_WARN_CONSTANT_CONVERSION = YES;
				CLANG_WARN_DEPRECATED_OBJC_IMPLEMENTATIONS = YES;
				CLANG_WARN_DIRECT_OBJC_ISA_USAGE = YES_ERROR;
				CLANG_WARN_DOCUMENTATION_COMMENTS = YES;
				CLANG_WARN_EMPTY_BODY = YES;
				CLANG_WARN_ENUM_CONVERSION = YES;
				CLANG_WARN_INFINITE_RECURSION = YES;
				CLANG_WARN_INT_CONVERSION = YES;
				CLANG_WARN_NON_LITERAL_NULL_CONVERSION = YES;
				CLANG_WARN_OBJC_IMPLICIT_RETAIN_SELF = YES;
				CLANG_WARN_OBJC_LITERAL_CONVERSION = YES;
				CLANG_WARN_OBJC_ROOT_CLASS = YES_ERROR;
				CLANG_WARN_QUOTED_INCLUDE_IN_FRAMEWORK_HEADER = YES;
				CLANG_WARN_RANGE_LOOP_ANALYSIS = YES;
				CLANG_WARN_STRICT_PROTOTYPES = YES;
				CLANG_WARN_SUSPICIOUS_MOVE = YES;
				CLANG_WARN_UNGUARDED_AVAILABILITY = YES_AGGRESSIVE;
				CLANG_WARN_UNREACHABLE_CODE = YES;
				CLANG_WARN__DUPLICATE_METHOD_MATCH = YES;
				COPY_PHASE_STRIP = NO;
				DEBUG_INFORMATION_FORMAT = "dwarf-with-dsym";
				ENABLE_NS_ASSERTIONS = NO;
				ENABLE_STRICT_OBJC_MSGSEND = YES;
				GCC_C_LANGUAGE_STANDARD = gnu11;
				GCC_NO_COMMON_BLOCKS = YES;
				GCC_WARN_64_TO_32_BIT_CONVERSION = YES;
				GCC_WARN_ABOUT_RETURN_TYPE = YES_ERROR;
				GCC_WARN_UNDECLARED_SELECTOR = YES;
				GCC_WARN_UNINITIALIZED_AUTOS = YES_AGGRESSIVE;
				GCC_WARN_UNUSED_FUNCTION = YES;
				GCC_WARN_UNUSED_VARIABLE = YES;
				IPHONEOS_DEPLOYMENT_TARGET = 15.2;
				MTL_ENABLE_DEBUG_INFO = NO;
				MTL_FAST_MATH = YES;
				SDKROOT = iphoneos;
				SWIFT_COMPILATION_MODE = wholemodule;
				SWIFT_OPTIMIZATION_LEVEL = "-O";
				VALIDATE_PRODUCT = YES;
			};
			name = Release;
		};
		7C53CDF1279C7CC5005F8ACD /* Debug */ = {
			isa = XCBuildConfiguration;
			buildSettings = {
				ASSETCATALOG_COMPILER_APPICON_NAME = AppIcon;
				ASSETCATALOG_COMPILER_GLOBAL_ACCENT_COLOR_NAME = AccentColor;
				CODE_SIGN_STYLE = Automatic;
				CURRENT_PROJECT_VERSION = 1;
				DEVELOPMENT_TEAM = 9SPL76B3GR;
				GENERATE_INFOPLIST_FILE = YES;
				INFOPLIST_FILE = "Clean Swift Experiment/Info.plist";
				INFOPLIST_KEY_UIApplicationSupportsIndirectInputEvents = YES;
				INFOPLIST_KEY_UILaunchStoryboardName = LaunchScreen;
				INFOPLIST_KEY_UISupportedInterfaceOrientations_iPad = "UIInterfaceOrientationPortrait UIInterfaceOrientationPortraitUpsideDown UIInterfaceOrientationLandscapeLeft UIInterfaceOrientationLandscapeRight";
				INFOPLIST_KEY_UISupportedInterfaceOrientations_iPhone = "UIInterfaceOrientationPortrait UIInterfaceOrientationLandscapeLeft UIInterfaceOrientationLandscapeRight";
				LD_RUNPATH_SEARCH_PATHS = (
					"$(inherited)",
					"@executable_path/Frameworks",
				);
				MARKETING_VERSION = 1.0;
				PRODUCT_BUNDLE_IDENTIFIER = "de.lennartwisbar.Clean-Swift-Experiment";
				PRODUCT_NAME = "$(TARGET_NAME)";
				SWIFT_EMIT_LOC_STRINGS = YES;
				SWIFT_VERSION = 5.0;
				TARGETED_DEVICE_FAMILY = "1,2";
			};
			name = Debug;
		};
		7C53CDF2279C7CC5005F8ACD /* Release */ = {
			isa = XCBuildConfiguration;
			buildSettings = {
				ASSETCATALOG_COMPILER_APPICON_NAME = AppIcon;
				ASSETCATALOG_COMPILER_GLOBAL_ACCENT_COLOR_NAME = AccentColor;
				CODE_SIGN_STYLE = Automatic;
				CURRENT_PROJECT_VERSION = 1;
				DEVELOPMENT_TEAM = 9SPL76B3GR;
				GENERATE_INFOPLIST_FILE = YES;
				INFOPLIST_FILE = "Clean Swift Experiment/Info.plist";
				INFOPLIST_KEY_UIApplicationSupportsIndirectInputEvents = YES;
				INFOPLIST_KEY_UILaunchStoryboardName = LaunchScreen;
				INFOPLIST_KEY_UISupportedInterfaceOrientations_iPad = "UIInterfaceOrientationPortrait UIInterfaceOrientationPortraitUpsideDown UIInterfaceOrientationLandscapeLeft UIInterfaceOrientationLandscapeRight";
				INFOPLIST_KEY_UISupportedInterfaceOrientations_iPhone = "UIInterfaceOrientationPortrait UIInterfaceOrientationLandscapeLeft UIInterfaceOrientationLandscapeRight";
				LD_RUNPATH_SEARCH_PATHS = (
					"$(inherited)",
					"@executable_path/Frameworks",
				);
				MARKETING_VERSION = 1.0;
				PRODUCT_BUNDLE_IDENTIFIER = "de.lennartwisbar.Clean-Swift-Experiment";
				PRODUCT_NAME = "$(TARGET_NAME)";
				SWIFT_EMIT_LOC_STRINGS = YES;
				SWIFT_VERSION = 5.0;
				TARGETED_DEVICE_FAMILY = "1,2";
			};
			name = Release;
		};
		7C53CDF4279C7CC5005F8ACD /* Debug */ = {
			isa = XCBuildConfiguration;
			buildSettings = {
				ALWAYS_EMBED_SWIFT_STANDARD_LIBRARIES = YES;
				BUNDLE_LOADER = "$(TEST_HOST)";
				CODE_SIGN_STYLE = Automatic;
				CURRENT_PROJECT_VERSION = 1;
				DEVELOPMENT_TEAM = 9SPL76B3GR;
				GENERATE_INFOPLIST_FILE = YES;
				IPHONEOS_DEPLOYMENT_TARGET = 15.2;
				MARKETING_VERSION = 1.0;
				PRODUCT_BUNDLE_IDENTIFIER = "de.lennartwisbar.Clean-Swift-ExperimentTests";
				PRODUCT_NAME = "$(TARGET_NAME)";
				SWIFT_EMIT_LOC_STRINGS = NO;
				SWIFT_VERSION = 5.0;
				TARGETED_DEVICE_FAMILY = "1,2";
				TEST_HOST = "$(BUILT_PRODUCTS_DIR)/Clean Swift Experiment.app/Clean Swift Experiment";
			};
			name = Debug;
		};
		7C53CDF5279C7CC5005F8ACD /* Release */ = {
			isa = XCBuildConfiguration;
			buildSettings = {
				ALWAYS_EMBED_SWIFT_STANDARD_LIBRARIES = YES;
				BUNDLE_LOADER = "$(TEST_HOST)";
				CODE_SIGN_STYLE = Automatic;
				CURRENT_PROJECT_VERSION = 1;
				DEVELOPMENT_TEAM = 9SPL76B3GR;
				GENERATE_INFOPLIST_FILE = YES;
				IPHONEOS_DEPLOYMENT_TARGET = 15.2;
				MARKETING_VERSION = 1.0;
				PRODUCT_BUNDLE_IDENTIFIER = "de.lennartwisbar.Clean-Swift-ExperimentTests";
				PRODUCT_NAME = "$(TARGET_NAME)";
				SWIFT_EMIT_LOC_STRINGS = NO;
				SWIFT_VERSION = 5.0;
				TARGETED_DEVICE_FAMILY = "1,2";
				TEST_HOST = "$(BUILT_PRODUCTS_DIR)/Clean Swift Experiment.app/Clean Swift Experiment";
			};
			name = Release;
		};
		7C53CDF7279C7CC5005F8ACD /* Debug */ = {
			isa = XCBuildConfiguration;
			buildSettings = {
				ALWAYS_EMBED_SWIFT_STANDARD_LIBRARIES = YES;
				CODE_SIGN_STYLE = Automatic;
				CURRENT_PROJECT_VERSION = 1;
				DEVELOPMENT_TEAM = 9SPL76B3GR;
				GENERATE_INFOPLIST_FILE = YES;
				MARKETING_VERSION = 1.0;
				PRODUCT_BUNDLE_IDENTIFIER = "de.lennartwisbar.Clean-Swift-ExperimentUITests";
				PRODUCT_NAME = "$(TARGET_NAME)";
				SWIFT_EMIT_LOC_STRINGS = NO;
				SWIFT_VERSION = 5.0;
				TARGETED_DEVICE_FAMILY = "1,2";
				TEST_TARGET_NAME = "Clean Swift Experiment";
			};
			name = Debug;
		};
		7C53CDF8279C7CC5005F8ACD /* Release */ = {
			isa = XCBuildConfiguration;
			buildSettings = {
				ALWAYS_EMBED_SWIFT_STANDARD_LIBRARIES = YES;
				CODE_SIGN_STYLE = Automatic;
				CURRENT_PROJECT_VERSION = 1;
				DEVELOPMENT_TEAM = 9SPL76B3GR;
				GENERATE_INFOPLIST_FILE = YES;
				MARKETING_VERSION = 1.0;
				PRODUCT_BUNDLE_IDENTIFIER = "de.lennartwisbar.Clean-Swift-ExperimentUITests";
				PRODUCT_NAME = "$(TARGET_NAME)";
				SWIFT_EMIT_LOC_STRINGS = NO;
				SWIFT_VERSION = 5.0;
				TARGETED_DEVICE_FAMILY = "1,2";
				TEST_TARGET_NAME = "Clean Swift Experiment";
			};
			name = Release;
		};
/* End XCBuildConfiguration section */

/* Begin XCConfigurationList section */
		7C53CDC1279C7CC3005F8ACD /* Build configuration list for PBXProject "Clean Swift Experiment" */ = {
			isa = XCConfigurationList;
			buildConfigurations = (
				7C53CDEE279C7CC5005F8ACD /* Debug */,
				7C53CDEF279C7CC5005F8ACD /* Release */,
			);
			defaultConfigurationIsVisible = 0;
			defaultConfigurationName = Release;
		};
		7C53CDF0279C7CC5005F8ACD /* Build configuration list for PBXNativeTarget "Clean Swift Experiment" */ = {
			isa = XCConfigurationList;
			buildConfigurations = (
				7C53CDF1279C7CC5005F8ACD /* Debug */,
				7C53CDF2279C7CC5005F8ACD /* Release */,
			);
			defaultConfigurationIsVisible = 0;
			defaultConfigurationName = Release;
		};
		7C53CDF3279C7CC5005F8ACD /* Build configuration list for PBXNativeTarget "Clean Swift ExperimentTests" */ = {
			isa = XCConfigurationList;
			buildConfigurations = (
				7C53CDF4279C7CC5005F8ACD /* Debug */,
				7C53CDF5279C7CC5005F8ACD /* Release */,
			);
			defaultConfigurationIsVisible = 0;
			defaultConfigurationName = Release;
		};
		7C53CDF6279C7CC5005F8ACD /* Build configuration list for PBXNativeTarget "Clean Swift ExperimentUITests" */ = {
			isa = XCConfigurationList;
			buildConfigurations = (
				7C53CDF7279C7CC5005F8ACD /* Debug */,
				7C53CDF8279C7CC5005F8ACD /* Release */,
			);
			defaultConfigurationIsVisible = 0;
			defaultConfigurationName = Release;
		};
/* End XCConfigurationList section */
	};
	rootObject = 7C53CDBE279C7CC3005F8ACD /* Project object */;
}
